// !$*UTF8*$!
{
	archiveVersion = 1;
	classes = {
	};
	objectVersion = 77;
	objects = {

/* Begin PBXBuildFile section */
		C403ECDD2EF4A3D000F3A427 /* TradeTrackCore.framework in Frameworks */ = {isa = PBXBuildFile; fileRef = C403ECD22EF4A3D000F3A427 /* TradeTrackCore.framework */; };
		C403ECE72EF4A3D000F3A427 /* TradeTrackCore.framework in Frameworks */ = {isa = PBXBuildFile; fileRef = C403ECD22EF4A3D000F3A427 /* TradeTrackCore.framework */; };
		C403ECE82EF4A3D000F3A427 /* TradeTrackCore.framework in Embed Frameworks */ = {isa = PBXBuildFile; fileRef = C403ECD22EF4A3D000F3A427 /* TradeTrackCore.framework */; settings = {ATTRIBUTES = (CodeSignOnCopy, RemoveHeadersOnCopy, ); }; };
		C403F1FB2EFEDD5300F3A427 /* TradeTrackMocks.framework in Frameworks */ = {isa = PBXBuildFile; fileRef = C403F1F02EFEDD5200F3A427 /* TradeTrackMocks.framework */; };
		C403F2052EFEDD5300F3A427 /* TradeTrackMocks.framework in Frameworks */ = {isa = PBXBuildFile; fileRef = C403F1F02EFEDD5200F3A427 /* TradeTrackMocks.framework */; };
		C403F2062EFEDD5300F3A427 /* TradeTrackMocks.framework in Embed Frameworks */ = {isa = PBXBuildFile; fileRef = C403F1F02EFEDD5200F3A427 /* TradeTrackMocks.framework */; settings = {ATTRIBUTES = (CodeSignOnCopy, RemoveHeadersOnCopy, ); }; };
		C403F20E2EFEDD7C00F3A427 /* TradeTrackCore.framework in Frameworks */ = {isa = PBXBuildFile; fileRef = C403ECD22EF4A3D000F3A427 /* TradeTrackCore.framework */; };
		C403F20F2EFEDD7C00F3A427 /* TradeTrackCore.framework in Embed Frameworks */ = {isa = PBXBuildFile; fileRef = C403ECD22EF4A3D000F3A427 /* TradeTrackCore.framework */; settings = {ATTRIBUTES = (CodeSignOnCopy, RemoveHeadersOnCopy, ); }; };
		C403F2132EFEDDEF00F3A427 /* TradeTrackMocks.framework in Frameworks */ = {isa = PBXBuildFile; fileRef = C403F1F02EFEDD5200F3A427 /* TradeTrackMocks.framework */; };
		C403F2142EFEDDEF00F3A427 /* TradeTrackMocks.framework in Embed Frameworks */ = {isa = PBXBuildFile; fileRef = C403F1F02EFEDD5200F3A427 /* TradeTrackMocks.framework */; settings = {ATTRIBUTES = (CodeSignOnCopy, RemoveHeadersOnCopy, ); }; };
		C403F2182EFEDE6800F3A427 /* TradeTrackMocks.framework in Frameworks */ = {isa = PBXBuildFile; fileRef = C403F1F02EFEDD5200F3A427 /* TradeTrackMocks.framework */; };
		C403F2192EFEDE6800F3A427 /* TradeTrackMocks.framework in Embed Frameworks */ = {isa = PBXBuildFile; fileRef = C403F1F02EFEDD5200F3A427 /* TradeTrackMocks.framework */; settings = {ATTRIBUTES = (CodeSignOnCopy, RemoveHeadersOnCopy, ); }; };
		C403F2222EFEDF7300F3A427 /* TradeTrackMocks.framework in Frameworks */ = {isa = PBXBuildFile; fileRef = C403F1F02EFEDD5200F3A427 /* TradeTrackMocks.framework */; };
		C403F2232EFEDF7300F3A427 /* TradeTrackMocks.framework in Embed Frameworks */ = {isa = PBXBuildFile; fileRef = C403F1F02EFEDD5200F3A427 /* TradeTrackMocks.framework */; settings = {ATTRIBUTES = (CodeSignOnCopy, RemoveHeadersOnCopy, ); }; };
/* End PBXBuildFile section */

/* Begin PBXContainerItemProxy section */
		C4029FA82E2D72BF00334A85 /* PBXContainerItemProxy */ = {
			isa = PBXContainerItemProxy;
			containerPortal = C4029F922E2D72BD00334A85 /* Project object */;
			proxyType = 1;
			remoteGlobalIDString = C4029F992E2D72BD00334A85;
			remoteInfo = TradeTrack;
		};
		C4029FB22E2D72BF00334A85 /* PBXContainerItemProxy */ = {
			isa = PBXContainerItemProxy;
			containerPortal = C4029F922E2D72BD00334A85 /* Project object */;
			proxyType = 1;
			remoteGlobalIDString = C4029F992E2D72BD00334A85;
			remoteInfo = TradeTrack;
		};
		C403ECDE2EF4A3D000F3A427 /* PBXContainerItemProxy */ = {
			isa = PBXContainerItemProxy;
			containerPortal = C4029F922E2D72BD00334A85 /* Project object */;
			proxyType = 1;
			remoteGlobalIDString = C403ECD12EF4A3D000F3A427;
			remoteInfo = TradeTrackCore;
		};
		C403ECE02EF4A3D000F3A427 /* PBXContainerItemProxy */ = {
			isa = PBXContainerItemProxy;
			containerPortal = C4029F922E2D72BD00334A85 /* Project object */;
			proxyType = 1;
			remoteGlobalIDString = C4029F992E2D72BD00334A85;
			remoteInfo = TradeTrack;
		};
		C403ECE52EF4A3D000F3A427 /* PBXContainerItemProxy */ = {
			isa = PBXContainerItemProxy;
			containerPortal = C4029F922E2D72BD00334A85 /* Project object */;
			proxyType = 1;
			remoteGlobalIDString = C403ECD12EF4A3D000F3A427;
			remoteInfo = TradeTrackCore;
		};
		C403F1FC2EFEDD5300F3A427 /* PBXContainerItemProxy */ = {
			isa = PBXContainerItemProxy;
			containerPortal = C4029F922E2D72BD00334A85 /* Project object */;
			proxyType = 1;
			remoteGlobalIDString = C403F1EF2EFEDD5200F3A427;
			remoteInfo = TradeTrackMocks;
		};
		C403F1FE2EFEDD5300F3A427 /* PBXContainerItemProxy */ = {
			isa = PBXContainerItemProxy;
			containerPortal = C4029F922E2D72BD00334A85 /* Project object */;
			proxyType = 1;
			remoteGlobalIDString = C4029F992E2D72BD00334A85;
			remoteInfo = TradeTrack;
		};
		C403F2032EFEDD5300F3A427 /* PBXContainerItemProxy */ = {
			isa = PBXContainerItemProxy;
			containerPortal = C4029F922E2D72BD00334A85 /* Project object */;
			proxyType = 1;
			remoteGlobalIDString = C403F1EF2EFEDD5200F3A427;
			remoteInfo = TradeTrackMocks;
		};
		C403F2102EFEDD7C00F3A427 /* PBXContainerItemProxy */ = {
			isa = PBXContainerItemProxy;
			containerPortal = C4029F922E2D72BD00334A85 /* Project object */;
			proxyType = 1;
			remoteGlobalIDString = C403ECD12EF4A3D000F3A427;
			remoteInfo = TradeTrackCore;
		};
		C403F2152EFEDDEF00F3A427 /* PBXContainerItemProxy */ = {
			isa = PBXContainerItemProxy;
			containerPortal = C4029F922E2D72BD00334A85 /* Project object */;
			proxyType = 1;
			remoteGlobalIDString = C403F1EF2EFEDD5200F3A427;
			remoteInfo = TradeTrackMocks;
		};
		C403F21A2EFEDE6800F3A427 /* PBXContainerItemProxy */ = {
			isa = PBXContainerItemProxy;
			containerPortal = C4029F922E2D72BD00334A85 /* Project object */;
			proxyType = 1;
			remoteGlobalIDString = C403F1EF2EFEDD5200F3A427;
			remoteInfo = TradeTrackMocks;
		};
		C403F2242EFEDF7400F3A427 /* PBXContainerItemProxy */ = {
			isa = PBXContainerItemProxy;
			containerPortal = C4029F922E2D72BD00334A85 /* Project object */;
			proxyType = 1;
			remoteGlobalIDString = C403F1EF2EFEDD5200F3A427;
			remoteInfo = TradeTrackMocks;
		};
/* End PBXContainerItemProxy section */

/* Begin PBXCopyFilesBuildPhase section */
		C403ECEC2EF4A3D000F3A427 /* Embed Frameworks */ = {
			isa = PBXCopyFilesBuildPhase;
			buildActionMask = 2147483647;
			dstPath = "";
			dstSubfolderSpec = 10;
			files = (
				C403ECE82EF4A3D000F3A427 /* TradeTrackCore.framework in Embed Frameworks */,
				C403F2062EFEDD5300F3A427 /* TradeTrackMocks.framework in Embed Frameworks */,
			);
			name = "Embed Frameworks";
			runOnlyForDeploymentPostprocessing = 0;
		};
		C403F2122EFEDD7C00F3A427 /* Embed Frameworks */ = {
			isa = PBXCopyFilesBuildPhase;
			buildActionMask = 2147483647;
			dstPath = "";
			dstSubfolderSpec = 10;
			files = (
				C403F20F2EFEDD7C00F3A427 /* TradeTrackCore.framework in Embed Frameworks */,
			);
			name = "Embed Frameworks";
			runOnlyForDeploymentPostprocessing = 0;
		};
		C403F2172EFEDDEF00F3A427 /* Embed Frameworks */ = {
			isa = PBXCopyFilesBuildPhase;
			buildActionMask = 2147483647;
			dstPath = "";
			dstSubfolderSpec = 10;
			files = (
				C403F2142EFEDDEF00F3A427 /* TradeTrackMocks.framework in Embed Frameworks */,
			);
			name = "Embed Frameworks";
			runOnlyForDeploymentPostprocessing = 0;
		};
		C403F21C2EFEDE6900F3A427 /* Embed Frameworks */ = {
			isa = PBXCopyFilesBuildPhase;
			buildActionMask = 2147483647;
			dstPath = "";
			dstSubfolderSpec = 10;
			files = (
				C403F2192EFEDE6800F3A427 /* TradeTrackMocks.framework in Embed Frameworks */,
			);
			name = "Embed Frameworks";
			runOnlyForDeploymentPostprocessing = 0;
		};
		C403F2262EFEDF7400F3A427 /* Embed Frameworks */ = {
			isa = PBXCopyFilesBuildPhase;
			buildActionMask = 2147483647;
			dstPath = "";
			dstSubfolderSpec = 10;
			files = (
				C403F2232EFEDF7300F3A427 /* TradeTrackMocks.framework in Embed Frameworks */,
			);
			name = "Embed Frameworks";
			runOnlyForDeploymentPostprocessing = 0;
		};
/* End PBXCopyFilesBuildPhase section */

/* Begin PBXFileReference section */
		C4029F9A2E2D72BD00334A85 /* TradeTrack.app */ = {isa = PBXFileReference; explicitFileType = wrapper.application; includeInIndex = 0; path = TradeTrack.app; sourceTree = BUILT_PRODUCTS_DIR; };
		C4029FA72E2D72BF00334A85 /* TradeTrackTests.xctest */ = {isa = PBXFileReference; explicitFileType = wrapper.cfbundle; includeInIndex = 0; path = TradeTrackTests.xctest; sourceTree = BUILT_PRODUCTS_DIR; };
		C4029FB12E2D72BF00334A85 /* TradeTrackUITests.xctest */ = {isa = PBXFileReference; explicitFileType = wrapper.cfbundle; includeInIndex = 0; path = TradeTrackUITests.xctest; sourceTree = BUILT_PRODUCTS_DIR; };
		C403ECD22EF4A3D000F3A427 /* TradeTrackCore.framework */ = {isa = PBXFileReference; explicitFileType = wrapper.framework; includeInIndex = 0; path = TradeTrackCore.framework; sourceTree = BUILT_PRODUCTS_DIR; };
		C403ECDC2EF4A3D000F3A427 /* TradeTrackCoreTests.xctest */ = {isa = PBXFileReference; explicitFileType = wrapper.cfbundle; includeInIndex = 0; path = TradeTrackCoreTests.xctest; sourceTree = BUILT_PRODUCTS_DIR; };
		C403F1F02EFEDD5200F3A427 /* TradeTrackMocks.framework */ = {isa = PBXFileReference; explicitFileType = wrapper.framework; includeInIndex = 0; path = TradeTrackMocks.framework; sourceTree = BUILT_PRODUCTS_DIR; };
		C403F1FA2EFEDD5300F3A427 /* TradeTrackMocksTests.xctest */ = {isa = PBXFileReference; explicitFileType = wrapper.cfbundle; includeInIndex = 0; path = TradeTrackMocksTests.xctest; sourceTree = BUILT_PRODUCTS_DIR; };
/* End PBXFileReference section */

/* Begin PBXFileSystemSynchronizedBuildFileExceptionSet section */
		C403F28F2EFEE9F200F3A427 /* Exceptions for "TradeTrackMocks" folder in "TradeTrack" target */ = {
			isa = PBXFileSystemSynchronizedBuildFileExceptionSet;
			membershipExceptions = (
				Network/MockFaceVerificationService.swift,
			);
			target = C4029F992E2D72BD00334A85 /* TradeTrack */;
		};
		C403F2902EFEE9F200F3A427 /* Exceptions for "TradeTrackMocks" folder in "TradeTrackTests" target */ = {
			isa = PBXFileSystemSynchronizedBuildFileExceptionSet;
			membershipExceptions = (
				Network/MockFaceVerificationService.swift,
			);
			target = C4029FA62E2D72BF00334A85 /* TradeTrackTests */;
		};
		C403F2912EFEE9F200F3A427 /* Exceptions for "TradeTrackMocks" folder in "TradeTrackMocks" target */ = {
			isa = PBXFileSystemSynchronizedBuildFileExceptionSet;
			membershipExceptions = (
				Network/MockFaceVerificationService.swift,
			);
			target = C403F1EF2EFEDD5200F3A427 /* TradeTrackMocks */;
		};
		C45A143E2E47B46000BFEDF0 /* Exceptions for "TradeTrack" folder in "TradeTrack" target */ = {
			isa = PBXFileSystemSynchronizedBuildFileExceptionSet;
			membershipExceptions = (
				Info.plist,
			);
			target = C4029F992E2D72BD00334A85 /* TradeTrack */;
		};
		C47E3E002EF06E7E005E373D /* Exceptions for "TradeTrackUITests" folder in "TradeTrack" target */ = {
			isa = PBXFileSystemSynchronizedBuildFileExceptionSet;
			membershipExceptions = (
				BaseUITestCase.swift,
				VerificationUITests.swift,
			);
			target = C4029F992E2D72BD00334A85 /* TradeTrack */;
		};
		C47E3E022EF06E81005E373D /* Exceptions for "TradeTrackUITests" folder in "TradeTrackUITests" target */ = {
			isa = PBXFileSystemSynchronizedBuildFileExceptionSet;
			membershipExceptions = (
				BaseUITestCase.swift,
				VerificationUITests.swift,
			);
			target = C4029FB02E2D72BF00334A85 /* TradeTrackUITests */;
		};
		C47F63C82E620FFB005F1C59 /* Exceptions for "TradeTrackTests" folder in "TradeTrackTests" target */ = {
			isa = PBXFileSystemSynchronizedBuildFileExceptionSet;
			membershipExceptions = (
				ErrorHandling/ErrorHelper.swift,
				Integration/VerificationIntegrationTests.swift,
				Lookup/LookupViewModelTests.swift,
				Register/RegisterViewModelTests.swift,
				Verification/TestHelpers.swift,
				Verification/VerificationViewModelTests.swift,
			);
			target = C4029FA62E2D72BF00334A85 /* TradeTrackTests */;
		};
		C47F63CA2E621014005F1C59 /* Exceptions for "TradeTrackTests" folder in "TradeTrack" target */ = {
			isa = PBXFileSystemSynchronizedBuildFileExceptionSet;
			membershipExceptions = (
				ErrorHandling/ErrorHelper.swift,
				Integration/VerificationIntegrationTests.swift,
				Lookup/LookupViewModelTests.swift,
				Register/RegisterViewModelTests.swift,
				Verification/TestHelpers.swift,
				Verification/VerificationViewModelTests.swift,
			);
			target = C4029F992E2D72BD00334A85 /* TradeTrack */;
		};
/* End PBXFileSystemSynchronizedBuildFileExceptionSet section */

/* Begin PBXFileSystemSynchronizedRootGroup section */
		C4029F9C2E2D72BD00334A85 /* TradeTrack */ = {
			isa = PBXFileSystemSynchronizedRootGroup;
			exceptions = (
				C45A143E2E47B46000BFEDF0 /* Exceptions for "TradeTrack" folder in "TradeTrack" target */,
			);
			path = TradeTrack;
			sourceTree = "<group>";
		};
		C403ECD32EF4A3D000F3A427 /* TradeTrackCore */ = {
			isa = PBXFileSystemSynchronizedRootGroup;
			path = TradeTrackCore;
			sourceTree = "<group>";
		};
		C403ECE22EF4A3D000F3A427 /* TradeTrackCoreTests */ = {
			isa = PBXFileSystemSynchronizedRootGroup;
			path = TradeTrackCoreTests;
			sourceTree = "<group>";
		};
		C403F1F12EFEDD5200F3A427 /* TradeTrackMocks */ = {
			isa = PBXFileSystemSynchronizedRootGroup;
			exceptions = (
				C403F28F2EFEE9F200F3A427 /* Exceptions for "TradeTrackMocks" folder in "TradeTrack" target */,
				C403F2902EFEE9F200F3A427 /* Exceptions for "TradeTrackMocks" folder in "TradeTrackTests" target */,
				C403F2912EFEE9F200F3A427 /* Exceptions for "TradeTrackMocks" folder in "TradeTrackMocks" target */,
			);
			path = TradeTrackMocks;
			sourceTree = "<group>";
		};
		C403F2002EFEDD5300F3A427 /* TradeTrackMocksTests */ = {
			isa = PBXFileSystemSynchronizedRootGroup;
			path = TradeTrackMocksTests;
			sourceTree = "<group>";
		};
		C47F63C12E620F2C005F1C59 /* TradeTrackTests */ = {
			isa = PBXFileSystemSynchronizedRootGroup;
			exceptions = (
				C47F63CA2E621014005F1C59 /* Exceptions for "TradeTrackTests" folder in "TradeTrack" target */,
				C47F63C82E620FFB005F1C59 /* Exceptions for "TradeTrackTests" folder in "TradeTrackTests" target */,
			);
			path = TradeTrackTests;
			sourceTree = "<group>";
		};
		C47F63D82E625C76005F1C59 /* TradeTrackUITests */ = {
			isa = PBXFileSystemSynchronizedRootGroup;
			exceptions = (
				C47E3E002EF06E7E005E373D /* Exceptions for "TradeTrackUITests" folder in "TradeTrack" target */,
				C47E3E022EF06E81005E373D /* Exceptions for "TradeTrackUITests" folder in "TradeTrackUITests" target */,
			);
			path = TradeTrackUITests;
			sourceTree = "<group>";
		};
/* End PBXFileSystemSynchronizedRootGroup section */

/* Begin PBXFrameworksBuildPhase section */
		C4029F972E2D72BD00334A85 /* Frameworks */ = {
			isa = PBXFrameworksBuildPhase;
			buildActionMask = 2147483647;
			files = (
				C403ECE72EF4A3D000F3A427 /* TradeTrackCore.framework in Frameworks */,
				C403F2052EFEDD5300F3A427 /* TradeTrackMocks.framework in Frameworks */,
			);
			runOnlyForDeploymentPostprocessing = 0;
		};
		C4029FA42E2D72BF00334A85 /* Frameworks */ = {
			isa = PBXFrameworksBuildPhase;
			buildActionMask = 2147483647;
			files = (
				C403F2132EFEDDEF00F3A427 /* TradeTrackMocks.framework in Frameworks */,
			);
			runOnlyForDeploymentPostprocessing = 0;
		};
		C4029FAE2E2D72BF00334A85 /* Frameworks */ = {
			isa = PBXFrameworksBuildPhase;
			buildActionMask = 2147483647;
			files = (
				C403F2222EFEDF7300F3A427 /* TradeTrackMocks.framework in Frameworks */,
			);
			runOnlyForDeploymentPostprocessing = 0;
		};
		C403ECCF2EF4A3D000F3A427 /* Frameworks */ = {
			isa = PBXFrameworksBuildPhase;
			buildActionMask = 2147483647;
			files = (
			);
			runOnlyForDeploymentPostprocessing = 0;
		};
		C403ECD92EF4A3D000F3A427 /* Frameworks */ = {
			isa = PBXFrameworksBuildPhase;
			buildActionMask = 2147483647;
			files = (
				C403ECDD2EF4A3D000F3A427 /* TradeTrackCore.framework in Frameworks */,
				C403F2182EFEDE6800F3A427 /* TradeTrackMocks.framework in Frameworks */,
			);
			runOnlyForDeploymentPostprocessing = 0;
		};
		C403F1ED2EFEDD5200F3A427 /* Frameworks */ = {
			isa = PBXFrameworksBuildPhase;
			buildActionMask = 2147483647;
			files = (
				C403F20E2EFEDD7C00F3A427 /* TradeTrackCore.framework in Frameworks */,
			);
			runOnlyForDeploymentPostprocessing = 0;
		};
		C403F1F72EFEDD5300F3A427 /* Frameworks */ = {
			isa = PBXFrameworksBuildPhase;
			buildActionMask = 2147483647;
			files = (
				C403F1FB2EFEDD5300F3A427 /* TradeTrackMocks.framework in Frameworks */,
			);
			runOnlyForDeploymentPostprocessing = 0;
		};
/* End PBXFrameworksBuildPhase section */

/* Begin PBXGroup section */
		C4029F912E2D72BD00334A85 = {
			isa = PBXGroup;
			children = (
				C47F63D82E625C76005F1C59 /* TradeTrackUITests */,
				C47F63C12E620F2C005F1C59 /* TradeTrackTests */,
				C4029F9C2E2D72BD00334A85 /* TradeTrack */,
				C403ECD32EF4A3D000F3A427 /* TradeTrackCore */,
				C403ECE22EF4A3D000F3A427 /* TradeTrackCoreTests */,
				C403F1F12EFEDD5200F3A427 /* TradeTrackMocks */,
				C403F2002EFEDD5300F3A427 /* TradeTrackMocksTests */,
				C403F20D2EFEDD7C00F3A427 /* Frameworks */,
				C4029F9B2E2D72BD00334A85 /* Products */,
			);
			sourceTree = "<group>";
		};
		C4029F9B2E2D72BD00334A85 /* Products */ = {
			isa = PBXGroup;
			children = (
				C4029F9A2E2D72BD00334A85 /* TradeTrack.app */,
				C4029FA72E2D72BF00334A85 /* TradeTrackTests.xctest */,
				C4029FB12E2D72BF00334A85 /* TradeTrackUITests.xctest */,
				C403ECD22EF4A3D000F3A427 /* TradeTrackCore.framework */,
				C403ECDC2EF4A3D000F3A427 /* TradeTrackCoreTests.xctest */,
				C403F1F02EFEDD5200F3A427 /* TradeTrackMocks.framework */,
				C403F1FA2EFEDD5300F3A427 /* TradeTrackMocksTests.xctest */,
			);
			name = Products;
			sourceTree = "<group>";
		};
		C403F20D2EFEDD7C00F3A427 /* Frameworks */ = {
			isa = PBXGroup;
			children = (
			);
			name = Frameworks;
			sourceTree = "<group>";
		};
/* End PBXGroup section */

/* Begin PBXHeadersBuildPhase section */
		C403ECCD2EF4A3D000F3A427 /* Headers */ = {
			isa = PBXHeadersBuildPhase;
			buildActionMask = 2147483647;
			files = (
			);
			runOnlyForDeploymentPostprocessing = 0;
		};
		C403F1EB2EFEDD5200F3A427 /* Headers */ = {
			isa = PBXHeadersBuildPhase;
			buildActionMask = 2147483647;
			files = (
			);
			runOnlyForDeploymentPostprocessing = 0;
		};
/* End PBXHeadersBuildPhase section */

/* Begin PBXNativeTarget section */
		C4029F992E2D72BD00334A85 /* TradeTrack */ = {
			isa = PBXNativeTarget;
			buildConfigurationList = C4029FBB2E2D72BF00334A85 /* Build configuration list for PBXNativeTarget "TradeTrack" */;
			buildPhases = (
				C4029F962E2D72BD00334A85 /* Sources */,
				C4029F972E2D72BD00334A85 /* Frameworks */,
				C4029F982E2D72BD00334A85 /* Resources */,
				C403ECEC2EF4A3D000F3A427 /* Embed Frameworks */,
			);
			buildRules = (
			);
			dependencies = (
				C403ECE62EF4A3D000F3A427 /* PBXTargetDependency */,
				C403F2042EFEDD5300F3A427 /* PBXTargetDependency */,
			);
			fileSystemSynchronizedGroups = (
				C4029F9C2E2D72BD00334A85 /* TradeTrack */,
				C47F63C12E620F2C005F1C59 /* TradeTrackTests */,
				C47F63D82E625C76005F1C59 /* TradeTrackUITests */,
			);
			name = TradeTrack;
			packageProductDependencies = (
			);
			productName = TradeTrack;
			productReference = C4029F9A2E2D72BD00334A85 /* TradeTrack.app */;
			productType = "com.apple.product-type.application";
		};
		C4029FA62E2D72BF00334A85 /* TradeTrackTests */ = {
			isa = PBXNativeTarget;
			buildConfigurationList = C4029FBE2E2D72BF00334A85 /* Build configuration list for PBXNativeTarget "TradeTrackTests" */;
			buildPhases = (
				C4029FA32E2D72BF00334A85 /* Sources */,
				C4029FA42E2D72BF00334A85 /* Frameworks */,
				C4029FA52E2D72BF00334A85 /* Resources */,
				C403F2172EFEDDEF00F3A427 /* Embed Frameworks */,
			);
			buildRules = (
			);
			dependencies = (
				C4029FA92E2D72BF00334A85 /* PBXTargetDependency */,
				C403F2162EFEDDEF00F3A427 /* PBXTargetDependency */,
			);
			name = TradeTrackTests;
			packageProductDependencies = (
			);
			productName = TradeTrackTests;
			productReference = C4029FA72E2D72BF00334A85 /* TradeTrackTests.xctest */;
			productType = "com.apple.product-type.bundle.unit-test";
		};
		C4029FB02E2D72BF00334A85 /* TradeTrackUITests */ = {
			isa = PBXNativeTarget;
			buildConfigurationList = C4029FC12E2D72BF00334A85 /* Build configuration list for PBXNativeTarget "TradeTrackUITests" */;
			buildPhases = (
				C4029FAD2E2D72BF00334A85 /* Sources */,
				C4029FAE2E2D72BF00334A85 /* Frameworks */,
				C4029FAF2E2D72BF00334A85 /* Resources */,
				C403F2262EFEDF7400F3A427 /* Embed Frameworks */,
			);
			buildRules = (
			);
			dependencies = (
				C4029FB32E2D72BF00334A85 /* PBXTargetDependency */,
				C403F2252EFEDF7400F3A427 /* PBXTargetDependency */,
			);
			name = TradeTrackUITests;
			packageProductDependencies = (
			);
			productName = TradeTrackUITests;
			productReference = C4029FB12E2D72BF00334A85 /* TradeTrackUITests.xctest */;
			productType = "com.apple.product-type.bundle.ui-testing";
		};
		C403ECD12EF4A3D000F3A427 /* TradeTrackCore */ = {
			isa = PBXNativeTarget;
			buildConfigurationList = C403ECE92EF4A3D000F3A427 /* Build configuration list for PBXNativeTarget "TradeTrackCore" */;
			buildPhases = (
				C403ECCD2EF4A3D000F3A427 /* Headers */,
				C403ECCE2EF4A3D000F3A427 /* Sources */,
				C403ECCF2EF4A3D000F3A427 /* Frameworks */,
				C403ECD02EF4A3D000F3A427 /* Resources */,
			);
			buildRules = (
			);
			dependencies = (
			);
			fileSystemSynchronizedGroups = (
				C403ECD32EF4A3D000F3A427 /* TradeTrackCore */,
			);
			name = TradeTrackCore;
			packageProductDependencies = (
			);
			productName = TradeTrackCore;
			productReference = C403ECD22EF4A3D000F3A427 /* TradeTrackCore.framework */;
			productType = "com.apple.product-type.framework";
		};
		C403ECDB2EF4A3D000F3A427 /* TradeTrackCoreTests */ = {
			isa = PBXNativeTarget;
			buildConfigurationList = C403ECED2EF4A3D000F3A427 /* Build configuration list for PBXNativeTarget "TradeTrackCoreTests" */;
			buildPhases = (
				C403ECD82EF4A3D000F3A427 /* Sources */,
				C403ECD92EF4A3D000F3A427 /* Frameworks */,
				C403ECDA2EF4A3D000F3A427 /* Resources */,
				C403F21C2EFEDE6900F3A427 /* Embed Frameworks */,
			);
			buildRules = (
			);
			dependencies = (
				C403ECDF2EF4A3D000F3A427 /* PBXTargetDependency */,
				C403ECE12EF4A3D000F3A427 /* PBXTargetDependency */,
				C403F21B2EFEDE6800F3A427 /* PBXTargetDependency */,
			);
			fileSystemSynchronizedGroups = (
				C403ECE22EF4A3D000F3A427 /* TradeTrackCoreTests */,
			);
			name = TradeTrackCoreTests;
			packageProductDependencies = (
			);
			productName = TradeTrackCoreTests;
			productReference = C403ECDC2EF4A3D000F3A427 /* TradeTrackCoreTests.xctest */;
			productType = "com.apple.product-type.bundle.unit-test";
		};
		C403F1EF2EFEDD5200F3A427 /* TradeTrackMocks */ = {
			isa = PBXNativeTarget;
			buildConfigurationList = C403F2072EFEDD5300F3A427 /* Build configuration list for PBXNativeTarget "TradeTrackMocks" */;
			buildPhases = (
				C403F1EB2EFEDD5200F3A427 /* Headers */,
				C403F1EC2EFEDD5200F3A427 /* Sources */,
				C403F1ED2EFEDD5200F3A427 /* Frameworks */,
				C403F1EE2EFEDD5200F3A427 /* Resources */,
				C403F2122EFEDD7C00F3A427 /* Embed Frameworks */,
			);
			buildRules = (
			);
			dependencies = (
				C403F2112EFEDD7C00F3A427 /* PBXTargetDependency */,
			);
			fileSystemSynchronizedGroups = (
				C403F1F12EFEDD5200F3A427 /* TradeTrackMocks */,
			);
			name = TradeTrackMocks;
			packageProductDependencies = (
			);
			productName = TradeTrackMocks;
			productReference = C403F1F02EFEDD5200F3A427 /* TradeTrackMocks.framework */;
			productType = "com.apple.product-type.framework";
		};
		C403F1F92EFEDD5300F3A427 /* TradeTrackMocksTests */ = {
			isa = PBXNativeTarget;
			buildConfigurationList = C403F20A2EFEDD5300F3A427 /* Build configuration list for PBXNativeTarget "TradeTrackMocksTests" */;
			buildPhases = (
				C403F1F62EFEDD5300F3A427 /* Sources */,
				C403F1F72EFEDD5300F3A427 /* Frameworks */,
				C403F1F82EFEDD5300F3A427 /* Resources */,
			);
			buildRules = (
			);
			dependencies = (
				C403F1FD2EFEDD5300F3A427 /* PBXTargetDependency */,
				C403F1FF2EFEDD5300F3A427 /* PBXTargetDependency */,
			);
			fileSystemSynchronizedGroups = (
				C403F2002EFEDD5300F3A427 /* TradeTrackMocksTests */,
			);
			name = TradeTrackMocksTests;
			packageProductDependencies = (
			);
			productName = TradeTrackMocksTests;
			productReference = C403F1FA2EFEDD5300F3A427 /* TradeTrackMocksTests.xctest */;
			productType = "com.apple.product-type.bundle.unit-test";
		};
/* End PBXNativeTarget section */

/* Begin PBXProject section */
		C4029F922E2D72BD00334A85 /* Project object */ = {
			isa = PBXProject;
			attributes = {
				BuildIndependentTargetsInParallel = 1;
				LastSwiftUpdateCheck = 1630;
				LastUpgradeCheck = 1630;
				TargetAttributes = {
					C4029F992E2D72BD00334A85 = {
						CreatedOnToolsVersion = 16.3;
					};
					C4029FA62E2D72BF00334A85 = {
						CreatedOnToolsVersion = 16.3;
						TestTargetID = C4029F992E2D72BD00334A85;
					};
					C4029FB02E2D72BF00334A85 = {
						CreatedOnToolsVersion = 16.3;
						TestTargetID = C4029F992E2D72BD00334A85;
					};
					C403ECD12EF4A3D000F3A427 = {
						CreatedOnToolsVersion = 16.3;
					};
					C403ECDB2EF4A3D000F3A427 = {
						CreatedOnToolsVersion = 16.3;
						TestTargetID = C4029F992E2D72BD00334A85;
					};
					C403F1EF2EFEDD5200F3A427 = {
						CreatedOnToolsVersion = 16.3;
					};
					C403F1F92EFEDD5300F3A427 = {
						CreatedOnToolsVersion = 16.3;
						TestTargetID = C4029F992E2D72BD00334A85;
					};
				};
			};
			buildConfigurationList = C4029F952E2D72BD00334A85 /* Build configuration list for PBXProject "TradeTrack" */;
			developmentRegion = en;
			hasScannedForEncodings = 0;
			knownRegions = (
				en,
				Base,
			);
			mainGroup = C4029F912E2D72BD00334A85;
			minimizedProjectReferenceProxies = 1;
			preferredProjectObjectVersion = 77;
			productRefGroup = C4029F9B2E2D72BD00334A85 /* Products */;
			projectDirPath = "";
			projectRoot = "";
			targets = (
				C4029F992E2D72BD00334A85 /* TradeTrack */,
				C4029FA62E2D72BF00334A85 /* TradeTrackTests */,
				C4029FB02E2D72BF00334A85 /* TradeTrackUITests */,
				C403ECD12EF4A3D000F3A427 /* TradeTrackCore */,
				C403ECDB2EF4A3D000F3A427 /* TradeTrackCoreTests */,
				C403F1EF2EFEDD5200F3A427 /* TradeTrackMocks */,
				C403F1F92EFEDD5300F3A427 /* TradeTrackMocksTests */,
			);
		};
/* End PBXProject section */

/* Begin PBXResourcesBuildPhase section */
		C4029F982E2D72BD00334A85 /* Resources */ = {
			isa = PBXResourcesBuildPhase;
			buildActionMask = 2147483647;
			files = (
			);
			runOnlyForDeploymentPostprocessing = 0;
		};
		C4029FA52E2D72BF00334A85 /* Resources */ = {
			isa = PBXResourcesBuildPhase;
			buildActionMask = 2147483647;
			files = (
			);
			runOnlyForDeploymentPostprocessing = 0;
		};
		C4029FAF2E2D72BF00334A85 /* Resources */ = {
			isa = PBXResourcesBuildPhase;
			buildActionMask = 2147483647;
			files = (
			);
			runOnlyForDeploymentPostprocessing = 0;
		};
		C403ECD02EF4A3D000F3A427 /* Resources */ = {
			isa = PBXResourcesBuildPhase;
			buildActionMask = 2147483647;
			files = (
			);
			runOnlyForDeploymentPostprocessing = 0;
		};
		C403ECDA2EF4A3D000F3A427 /* Resources */ = {
			isa = PBXResourcesBuildPhase;
			buildActionMask = 2147483647;
			files = (
			);
			runOnlyForDeploymentPostprocessing = 0;
		};
		C403F1EE2EFEDD5200F3A427 /* Resources */ = {
			isa = PBXResourcesBuildPhase;
			buildActionMask = 2147483647;
			files = (
			);
			runOnlyForDeploymentPostprocessing = 0;
		};
		C403F1F82EFEDD5300F3A427 /* Resources */ = {
			isa = PBXResourcesBuildPhase;
			buildActionMask = 2147483647;
			files = (
			);
			runOnlyForDeploymentPostprocessing = 0;
		};
/* End PBXResourcesBuildPhase section */

/* Begin PBXSourcesBuildPhase section */
		C4029F962E2D72BD00334A85 /* Sources */ = {
			isa = PBXSourcesBuildPhase;
			buildActionMask = 2147483647;
			files = (
			);
			runOnlyForDeploymentPostprocessing = 0;
		};
		C4029FA32E2D72BF00334A85 /* Sources */ = {
			isa = PBXSourcesBuildPhase;
			buildActionMask = 2147483647;
			files = (
			);
			runOnlyForDeploymentPostprocessing = 0;
		};
		C4029FAD2E2D72BF00334A85 /* Sources */ = {
			isa = PBXSourcesBuildPhase;
			buildActionMask = 2147483647;
			files = (
			);
			runOnlyForDeploymentPostprocessing = 0;
		};
		C403ECCE2EF4A3D000F3A427 /* Sources */ = {
			isa = PBXSourcesBuildPhase;
			buildActionMask = 2147483647;
			files = (
			);
			runOnlyForDeploymentPostprocessing = 0;
		};
		C403ECD82EF4A3D000F3A427 /* Sources */ = {
			isa = PBXSourcesBuildPhase;
			buildActionMask = 2147483647;
			files = (
			);
			runOnlyForDeploymentPostprocessing = 0;
		};
		C403F1EC2EFEDD5200F3A427 /* Sources */ = {
			isa = PBXSourcesBuildPhase;
			buildActionMask = 2147483647;
			files = (
			);
			runOnlyForDeploymentPostprocessing = 0;
		};
		C403F1F62EFEDD5300F3A427 /* Sources */ = {
			isa = PBXSourcesBuildPhase;
			buildActionMask = 2147483647;
			files = (
			);
			runOnlyForDeploymentPostprocessing = 0;
		};
/* End PBXSourcesBuildPhase section */

/* Begin PBXTargetDependency section */
		C4029FA92E2D72BF00334A85 /* PBXTargetDependency */ = {
			isa = PBXTargetDependency;
			target = C4029F992E2D72BD00334A85 /* TradeTrack */;
			targetProxy = C4029FA82E2D72BF00334A85 /* PBXContainerItemProxy */;
		};
		C4029FB32E2D72BF00334A85 /* PBXTargetDependency */ = {
			isa = PBXTargetDependency;
			target = C4029F992E2D72BD00334A85 /* TradeTrack */;
			targetProxy = C4029FB22E2D72BF00334A85 /* PBXContainerItemProxy */;
		};
		C403ECDF2EF4A3D000F3A427 /* PBXTargetDependency */ = {
			isa = PBXTargetDependency;
			target = C403ECD12EF4A3D000F3A427 /* TradeTrackCore */;
			targetProxy = C403ECDE2EF4A3D000F3A427 /* PBXContainerItemProxy */;
		};
		C403ECE12EF4A3D000F3A427 /* PBXTargetDependency */ = {
			isa = PBXTargetDependency;
			target = C4029F992E2D72BD00334A85 /* TradeTrack */;
			targetProxy = C403ECE02EF4A3D000F3A427 /* PBXContainerItemProxy */;
		};
		C403ECE62EF4A3D000F3A427 /* PBXTargetDependency */ = {
			isa = PBXTargetDependency;
			target = C403ECD12EF4A3D000F3A427 /* TradeTrackCore */;
			targetProxy = C403ECE52EF4A3D000F3A427 /* PBXContainerItemProxy */;
		};
		C403F1FD2EFEDD5300F3A427 /* PBXTargetDependency */ = {
			isa = PBXTargetDependency;
			target = C403F1EF2EFEDD5200F3A427 /* TradeTrackMocks */;
			targetProxy = C403F1FC2EFEDD5300F3A427 /* PBXContainerItemProxy */;
		};
		C403F1FF2EFEDD5300F3A427 /* PBXTargetDependency */ = {
			isa = PBXTargetDependency;
			target = C4029F992E2D72BD00334A85 /* TradeTrack */;
			targetProxy = C403F1FE2EFEDD5300F3A427 /* PBXContainerItemProxy */;
		};
		C403F2042EFEDD5300F3A427 /* PBXTargetDependency */ = {
			isa = PBXTargetDependency;
			target = C403F1EF2EFEDD5200F3A427 /* TradeTrackMocks */;
			targetProxy = C403F2032EFEDD5300F3A427 /* PBXContainerItemProxy */;
		};
		C403F2112EFEDD7C00F3A427 /* PBXTargetDependency */ = {
			isa = PBXTargetDependency;
			target = C403ECD12EF4A3D000F3A427 /* TradeTrackCore */;
			targetProxy = C403F2102EFEDD7C00F3A427 /* PBXContainerItemProxy */;
		};
		C403F2162EFEDDEF00F3A427 /* PBXTargetDependency */ = {
			isa = PBXTargetDependency;
			target = C403F1EF2EFEDD5200F3A427 /* TradeTrackMocks */;
			targetProxy = C403F2152EFEDDEF00F3A427 /* PBXContainerItemProxy */;
		};
		C403F21B2EFEDE6800F3A427 /* PBXTargetDependency */ = {
			isa = PBXTargetDependency;
			target = C403F1EF2EFEDD5200F3A427 /* TradeTrackMocks */;
			targetProxy = C403F21A2EFEDE6800F3A427 /* PBXContainerItemProxy */;
		};
		C403F2252EFEDF7400F3A427 /* PBXTargetDependency */ = {
			isa = PBXTargetDependency;
			target = C403F1EF2EFEDD5200F3A427 /* TradeTrackMocks */;
			targetProxy = C403F2242EFEDF7400F3A427 /* PBXContainerItemProxy */;
		};
/* End PBXTargetDependency section */

/* Begin XCBuildConfiguration section */
		C4029FB92E2D72BF00334A85 /* Debug */ = {
			isa = XCBuildConfiguration;
			buildSettings = {
				ALWAYS_SEARCH_USER_PATHS = NO;
				ASSETCATALOG_COMPILER_GENERATE_SWIFT_ASSET_SYMBOL_EXTENSIONS = YES;
				CLANG_ANALYZER_NONNULL = YES;
				CLANG_ANALYZER_NUMBER_OBJECT_CONVERSION = YES_AGGRESSIVE;
				CLANG_CXX_LANGUAGE_STANDARD = "gnu++20";
				CLANG_ENABLE_MODULES = YES;
				CLANG_ENABLE_OBJC_ARC = YES;
				CLANG_ENABLE_OBJC_WEAK = YES;
				CLANG_WARN_BLOCK_CAPTURE_AUTORELEASING = YES;
				CLANG_WARN_BOOL_CONVERSION = YES;
				CLANG_WARN_COMMA = YES;
				CLANG_WARN_CONSTANT_CONVERSION = YES;
				CLANG_WARN_DEPRECATED_OBJC_IMPLEMENTATIONS = YES;
				CLANG_WARN_DIRECT_OBJC_ISA_USAGE = YES_ERROR;
				CLANG_WARN_DOCUMENTATION_COMMENTS = YES;
				CLANG_WARN_EMPTY_BODY = YES;
				CLANG_WARN_ENUM_CONVERSION = YES;
				CLANG_WARN_INFINITE_RECURSION = YES;
				CLANG_WARN_INT_CONVERSION = YES;
				CLANG_WARN_NON_LITERAL_NULL_CONVERSION = YES;
				CLANG_WARN_OBJC_IMPLICIT_RETAIN_SELF = YES;
				CLANG_WARN_OBJC_LITERAL_CONVERSION = YES;
				CLANG_WARN_OBJC_ROOT_CLASS = YES_ERROR;
				CLANG_WARN_QUOTED_INCLUDE_IN_FRAMEWORK_HEADER = YES;
				CLANG_WARN_RANGE_LOOP_ANALYSIS = YES;
				CLANG_WARN_STRICT_PROTOTYPES = YES;
				CLANG_WARN_SUSPICIOUS_MOVE = YES;
				CLANG_WARN_UNGUARDED_AVAILABILITY = YES_AGGRESSIVE;
				CLANG_WARN_UNREACHABLE_CODE = YES;
				CLANG_WARN__DUPLICATE_METHOD_MATCH = YES;
				COPY_PHASE_STRIP = NO;
				DEBUG_INFORMATION_FORMAT = dwarf;
				DEVELOPMENT_TEAM = 928QQJPBJS;
				ENABLE_STRICT_OBJC_MSGSEND = YES;
				ENABLE_TESTABILITY = YES;
				ENABLE_USER_SCRIPT_SANDBOXING = YES;
				GCC_C_LANGUAGE_STANDARD = gnu17;
				GCC_DYNAMIC_NO_PIC = NO;
				GCC_NO_COMMON_BLOCKS = YES;
				GCC_OPTIMIZATION_LEVEL = 0;
				GCC_PREPROCESSOR_DEFINITIONS = (
					"DEBUG=1",
					"$(inherited)",
				);
				GCC_WARN_64_TO_32_BIT_CONVERSION = YES;
				GCC_WARN_ABOUT_RETURN_TYPE = YES_ERROR;
				GCC_WARN_UNDECLARED_SELECTOR = YES;
				GCC_WARN_UNINITIALIZED_AUTOS = YES_AGGRESSIVE;
				GCC_WARN_UNUSED_FUNCTION = YES;
				GCC_WARN_UNUSED_VARIABLE = YES;
				IPHONEOS_DEPLOYMENT_TARGET = 18.4;
				LOCALIZATION_PREFERS_STRING_CATALOGS = YES;
				MTL_ENABLE_DEBUG_INFO = INCLUDE_SOURCE;
				MTL_FAST_MATH = YES;
				ONLY_ACTIVE_ARCH = YES;
				SDKROOT = iphoneos;
				SWIFT_ACTIVE_COMPILATION_CONDITIONS = "DEBUG $(inherited)";
				SWIFT_OPTIMIZATION_LEVEL = "-Onone";
			};
			name = Debug;
		};
		C4029FBA2E2D72BF00334A85 /* Release */ = {
			isa = XCBuildConfiguration;
			buildSettings = {
				ALWAYS_SEARCH_USER_PATHS = NO;
				ASSETCATALOG_COMPILER_GENERATE_SWIFT_ASSET_SYMBOL_EXTENSIONS = YES;
				CLANG_ANALYZER_NONNULL = YES;
				CLANG_ANALYZER_NUMBER_OBJECT_CONVERSION = YES_AGGRESSIVE;
				CLANG_CXX_LANGUAGE_STANDARD = "gnu++20";
				CLANG_ENABLE_MODULES = YES;
				CLANG_ENABLE_OBJC_ARC = YES;
				CLANG_ENABLE_OBJC_WEAK = YES;
				CLANG_WARN_BLOCK_CAPTURE_AUTORELEASING = YES;
				CLANG_WARN_BOOL_CONVERSION = YES;
				CLANG_WARN_COMMA = YES;
				CLANG_WARN_CONSTANT_CONVERSION = YES;
				CLANG_WARN_DEPRECATED_OBJC_IMPLEMENTATIONS = YES;
				CLANG_WARN_DIRECT_OBJC_ISA_USAGE = YES_ERROR;
				CLANG_WARN_DOCUMENTATION_COMMENTS = YES;
				CLANG_WARN_EMPTY_BODY = YES;
				CLANG_WARN_ENUM_CONVERSION = YES;
				CLANG_WARN_INFINITE_RECURSION = YES;
				CLANG_WARN_INT_CONVERSION = YES;
				CLANG_WARN_NON_LITERAL_NULL_CONVERSION = YES;
				CLANG_WARN_OBJC_IMPLICIT_RETAIN_SELF = YES;
				CLANG_WARN_OBJC_LITERAL_CONVERSION = YES;
				CLANG_WARN_OBJC_ROOT_CLASS = YES_ERROR;
				CLANG_WARN_QUOTED_INCLUDE_IN_FRAMEWORK_HEADER = YES;
				CLANG_WARN_RANGE_LOOP_ANALYSIS = YES;
				CLANG_WARN_STRICT_PROTOTYPES = YES;
				CLANG_WARN_SUSPICIOUS_MOVE = YES;
				CLANG_WARN_UNGUARDED_AVAILABILITY = YES_AGGRESSIVE;
				CLANG_WARN_UNREACHABLE_CODE = YES;
				CLANG_WARN__DUPLICATE_METHOD_MATCH = YES;
				COPY_PHASE_STRIP = NO;
				DEBUG_INFORMATION_FORMAT = "dwarf-with-dsym";
				DEVELOPMENT_TEAM = 928QQJPBJS;
				ENABLE_NS_ASSERTIONS = NO;
				ENABLE_STRICT_OBJC_MSGSEND = YES;
				ENABLE_USER_SCRIPT_SANDBOXING = YES;
				GCC_C_LANGUAGE_STANDARD = gnu17;
				GCC_NO_COMMON_BLOCKS = YES;
				GCC_WARN_64_TO_32_BIT_CONVERSION = YES;
				GCC_WARN_ABOUT_RETURN_TYPE = YES_ERROR;
				GCC_WARN_UNDECLARED_SELECTOR = YES;
				GCC_WARN_UNINITIALIZED_AUTOS = YES_AGGRESSIVE;
				GCC_WARN_UNUSED_FUNCTION = YES;
				GCC_WARN_UNUSED_VARIABLE = YES;
				IPHONEOS_DEPLOYMENT_TARGET = 18.4;
				LOCALIZATION_PREFERS_STRING_CATALOGS = YES;
				MTL_ENABLE_DEBUG_INFO = NO;
				MTL_FAST_MATH = YES;
				SDKROOT = iphoneos;
				SWIFT_COMPILATION_MODE = wholemodule;
				VALIDATE_PRODUCT = YES;
			};
			name = Release;
		};
		C4029FBC2E2D72BF00334A85 /* Debug */ = {
			isa = XCBuildConfiguration;
			buildSettings = {
				ASSETCATALOG_COMPILER_APPICON_NAME = AppIcon;
				ASSETCATALOG_COMPILER_GLOBAL_ACCENT_COLOR_NAME = AccentColor;
				CODE_SIGN_STYLE = Automatic;
				CURRENT_PROJECT_VERSION = 1;
				DEVELOPMENT_TEAM = 928QQJPBJS;
				ENABLE_PREVIEWS = YES;
				GENERATE_INFOPLIST_FILE = YES;
				INFOPLIST_KEY_UIApplicationSceneManifest_Generation = YES;
				INFOPLIST_KEY_UIApplicationSupportsIndirectInputEvents = YES;
				INFOPLIST_KEY_UILaunchScreen_Generation = YES;
				INFOPLIST_KEY_UISupportedInterfaceOrientations_iPad = "UIInterfaceOrientationPortrait UIInterfaceOrientationPortraitUpsideDown UIInterfaceOrientationLandscapeLeft UIInterfaceOrientationLandscapeRight";
				INFOPLIST_KEY_UISupportedInterfaceOrientations_iPhone = "UIInterfaceOrientationPortrait UIInterfaceOrientationLandscapeLeft UIInterfaceOrientationLandscapeRight";
				LD_RUNPATH_SEARCH_PATHS = (
					"$(inherited)",
					"@executable_path/Frameworks",
				);
				MARKETING_VERSION = 1.0;
				PRODUCT_BUNDLE_IDENTIFIER = Jon.TradeTrack;
				PRODUCT_NAME = "$(TARGET_NAME)";
				SWIFT_EMIT_LOC_STRINGS = YES;
				SWIFT_VERSION = 5.0;
				TARGETED_DEVICE_FAMILY = "1,2";
			};
			name = Debug;
		};
		C4029FBD2E2D72BF00334A85 /* Release */ = {
			isa = XCBuildConfiguration;
			buildSettings = {
				ASSETCATALOG_COMPILER_APPICON_NAME = AppIcon;
				ASSETCATALOG_COMPILER_GLOBAL_ACCENT_COLOR_NAME = AccentColor;
				CODE_SIGN_STYLE = Automatic;
				CURRENT_PROJECT_VERSION = 1;
				DEVELOPMENT_TEAM = 928QQJPBJS;
				ENABLE_PREVIEWS = YES;
				GENERATE_INFOPLIST_FILE = YES;
				INFOPLIST_KEY_UIApplicationSceneManifest_Generation = YES;
				INFOPLIST_KEY_UIApplicationSupportsIndirectInputEvents = YES;
				INFOPLIST_KEY_UILaunchScreen_Generation = YES;
				INFOPLIST_KEY_UISupportedInterfaceOrientations_iPad = "UIInterfaceOrientationPortrait UIInterfaceOrientationPortraitUpsideDown UIInterfaceOrientationLandscapeLeft UIInterfaceOrientationLandscapeRight";
				INFOPLIST_KEY_UISupportedInterfaceOrientations_iPhone = "UIInterfaceOrientationPortrait UIInterfaceOrientationLandscapeLeft UIInterfaceOrientationLandscapeRight";
				LD_RUNPATH_SEARCH_PATHS = (
					"$(inherited)",
					"@executable_path/Frameworks",
				);
				MARKETING_VERSION = 1.0;
				PRODUCT_BUNDLE_IDENTIFIER = Jon.TradeTrack;
				PRODUCT_NAME = "$(TARGET_NAME)";
				SWIFT_EMIT_LOC_STRINGS = YES;
				SWIFT_VERSION = 5.0;
				TARGETED_DEVICE_FAMILY = "1,2";
			};
			name = Release;
		};
		C4029FBF2E2D72BF00334A85 /* Debug */ = {
			isa = XCBuildConfiguration;
			buildSettings = {
				BUNDLE_LOADER = "$(TEST_HOST)";
				CODE_SIGN_STYLE = Automatic;
				CURRENT_PROJECT_VERSION = 1;
				DEVELOPMENT_TEAM = 928QQJPBJS;
				GENERATE_INFOPLIST_FILE = YES;
				IPHONEOS_DEPLOYMENT_TARGET = 18.4;
				MARKETING_VERSION = 1.0;
				PRODUCT_BUNDLE_IDENTIFIER = Jon.TradeTrackTests;
				PRODUCT_NAME = "$(TARGET_NAME)";
				SWIFT_EMIT_LOC_STRINGS = NO;
				SWIFT_VERSION = 5.0;
				TARGETED_DEVICE_FAMILY = "1,2";
				TEST_HOST = "$(BUILT_PRODUCTS_DIR)/TradeTrack.app/$(BUNDLE_EXECUTABLE_FOLDER_PATH)/TradeTrack";
			};
			name = Debug;
		};
		C4029FC02E2D72BF00334A85 /* Release */ = {
			isa = XCBuildConfiguration;
			buildSettings = {
				BUNDLE_LOADER = "$(TEST_HOST)";
				CODE_SIGN_STYLE = Automatic;
				CURRENT_PROJECT_VERSION = 1;
				DEVELOPMENT_TEAM = 928QQJPBJS;
				GENERATE_INFOPLIST_FILE = YES;
				IPHONEOS_DEPLOYMENT_TARGET = 18.4;
				MARKETING_VERSION = 1.0;
				PRODUCT_BUNDLE_IDENTIFIER = Jon.TradeTrackTests;
				PRODUCT_NAME = "$(TARGET_NAME)";
				SWIFT_EMIT_LOC_STRINGS = NO;
				SWIFT_VERSION = 5.0;
				TARGETED_DEVICE_FAMILY = "1,2";
				TEST_HOST = "$(BUILT_PRODUCTS_DIR)/TradeTrack.app/$(BUNDLE_EXECUTABLE_FOLDER_PATH)/TradeTrack";
			};
			name = Release;
		};
		C4029FC22E2D72BF00334A85 /* Debug */ = {
			isa = XCBuildConfiguration;
			buildSettings = {
				CODE_SIGN_STYLE = Automatic;
				CURRENT_PROJECT_VERSION = 1;
				DEVELOPMENT_TEAM = 928QQJPBJS;
				GENERATE_INFOPLIST_FILE = YES;
				MARKETING_VERSION = 1.0;
				PRODUCT_BUNDLE_IDENTIFIER = Jon.TradeTrackUITests;
				PRODUCT_NAME = "$(TARGET_NAME)";
				SWIFT_EMIT_LOC_STRINGS = NO;
				SWIFT_VERSION = 5.0;
				TARGETED_DEVICE_FAMILY = "1,2";
				TEST_TARGET_NAME = TradeTrack;
			};
			name = Debug;
		};
		C4029FC32E2D72BF00334A85 /* Release */ = {
			isa = XCBuildConfiguration;
			buildSettings = {
				CODE_SIGN_STYLE = Automatic;
				CURRENT_PROJECT_VERSION = 1;
				DEVELOPMENT_TEAM = 928QQJPBJS;
				GENERATE_INFOPLIST_FILE = YES;
				MARKETING_VERSION = 1.0;
				PRODUCT_BUNDLE_IDENTIFIER = Jon.TradeTrackUITests;
				PRODUCT_NAME = "$(TARGET_NAME)";
				SWIFT_EMIT_LOC_STRINGS = NO;
				SWIFT_VERSION = 5.0;
				TARGETED_DEVICE_FAMILY = "1,2";
				TEST_TARGET_NAME = TradeTrack;
			};
			name = Release;
		};
		C403ECEA2EF4A3D000F3A427 /* Debug */ = {
			isa = XCBuildConfiguration;
			buildSettings = {
				BUILD_LIBRARY_FOR_DISTRIBUTION = YES;
				CODE_SIGN_STYLE = Automatic;
				CURRENT_PROJECT_VERSION = 1;
				DEVELOPMENT_TEAM = 928QQJPBJS;
				DYLIB_COMPATIBILITY_VERSION = 1;
				DYLIB_CURRENT_VERSION = 1;
				DYLIB_INSTALL_NAME_BASE = "@rpath";
				ENABLE_MODULE_VERIFIER = YES;
				GENERATE_INFOPLIST_FILE = YES;
				INFOPLIST_KEY_NSHumanReadableCopyright = "";
				INSTALL_PATH = "$(LOCAL_LIBRARY_DIR)/Frameworks";
				LD_RUNPATH_SEARCH_PATHS = (
					"$(inherited)",
					"@executable_path/Frameworks",
					"@loader_path/Frameworks",
				);
				MARKETING_VERSION = 1.0;
				MODULE_VERIFIER_SUPPORTED_LANGUAGES = "objective-c objective-c++";
				MODULE_VERIFIER_SUPPORTED_LANGUAGE_STANDARDS = "gnu17 gnu++20";
				PRODUCT_BUNDLE_IDENTIFIER = Jon.TradeTrackCore;
				PRODUCT_NAME = "$(TARGET_NAME:c99extidentifier)";
				SKIP_INSTALL = YES;
				SWIFT_EMIT_LOC_STRINGS = YES;
				SWIFT_INSTALL_MODULE = YES;
				SWIFT_INSTALL_OBJC_HEADER = NO;
				SWIFT_VERSION = 5.0;
				TARGETED_DEVICE_FAMILY = "1,2";
				VERSIONING_SYSTEM = "apple-generic";
				VERSION_INFO_PREFIX = "";
			};
			name = Debug;
		};
		C403ECEB2EF4A3D000F3A427 /* Release */ = {
			isa = XCBuildConfiguration;
			buildSettings = {
				BUILD_LIBRARY_FOR_DISTRIBUTION = YES;
				CODE_SIGN_STYLE = Automatic;
				CURRENT_PROJECT_VERSION = 1;
				DEVELOPMENT_TEAM = 928QQJPBJS;
				DYLIB_COMPATIBILITY_VERSION = 1;
				DYLIB_CURRENT_VERSION = 1;
				DYLIB_INSTALL_NAME_BASE = "@rpath";
				ENABLE_MODULE_VERIFIER = YES;
				GENERATE_INFOPLIST_FILE = YES;
				INFOPLIST_KEY_NSHumanReadableCopyright = "";
				INSTALL_PATH = "$(LOCAL_LIBRARY_DIR)/Frameworks";
				LD_RUNPATH_SEARCH_PATHS = (
					"$(inherited)",
					"@executable_path/Frameworks",
					"@loader_path/Frameworks",
				);
				MARKETING_VERSION = 1.0;
				MODULE_VERIFIER_SUPPORTED_LANGUAGES = "objective-c objective-c++";
				MODULE_VERIFIER_SUPPORTED_LANGUAGE_STANDARDS = "gnu17 gnu++20";
				PRODUCT_BUNDLE_IDENTIFIER = Jon.TradeTrackCore;
				PRODUCT_NAME = "$(TARGET_NAME:c99extidentifier)";
				SKIP_INSTALL = YES;
				SWIFT_EMIT_LOC_STRINGS = YES;
				SWIFT_INSTALL_MODULE = YES;
				SWIFT_INSTALL_OBJC_HEADER = NO;
				SWIFT_VERSION = 5.0;
				TARGETED_DEVICE_FAMILY = "1,2";
				VERSIONING_SYSTEM = "apple-generic";
				VERSION_INFO_PREFIX = "";
			};
			name = Release;
		};
		C403ECEE2EF4A3D000F3A427 /* Debug */ = {
			isa = XCBuildConfiguration;
			buildSettings = {
				CODE_SIGN_STYLE = Automatic;
				CURRENT_PROJECT_VERSION = 1;
				GENERATE_INFOPLIST_FILE = YES;
				MARKETING_VERSION = 1.0;
				PRODUCT_BUNDLE_IDENTIFIER = Jon.TradeTrackCoreTests;
				PRODUCT_NAME = "$(TARGET_NAME)";
				SWIFT_EMIT_LOC_STRINGS = NO;
				SWIFT_VERSION = 5.0;
				TARGETED_DEVICE_FAMILY = "1,2";
				TEST_HOST = "$(BUILT_PRODUCTS_DIR)/TradeTrack.app/$(BUNDLE_EXECUTABLE_FOLDER_PATH)/TradeTrack";
			};
			name = Debug;
		};
		C403ECEF2EF4A3D000F3A427 /* Release */ = {
			isa = XCBuildConfiguration;
			buildSettings = {
				CODE_SIGN_STYLE = Automatic;
				CURRENT_PROJECT_VERSION = 1;
				GENERATE_INFOPLIST_FILE = YES;
				MARKETING_VERSION = 1.0;
				PRODUCT_BUNDLE_IDENTIFIER = Jon.TradeTrackCoreTests;
				PRODUCT_NAME = "$(TARGET_NAME)";
				SWIFT_EMIT_LOC_STRINGS = NO;
				SWIFT_VERSION = 5.0;
				TARGETED_DEVICE_FAMILY = "1,2";
				TEST_HOST = "$(BUILT_PRODUCTS_DIR)/TradeTrack.app/$(BUNDLE_EXECUTABLE_FOLDER_PATH)/TradeTrack";
			};
			name = Release;
		};
		C403F2082EFEDD5300F3A427 /* Debug */ = {
			isa = XCBuildConfiguration;
			buildSettings = {
				BUILD_LIBRARY_FOR_DISTRIBUTION = YES;
				CODE_SIGN_STYLE = Automatic;
				CURRENT_PROJECT_VERSION = 1;
				DEVELOPMENT_TEAM = 928QQJPBJS;
				DYLIB_COMPATIBILITY_VERSION = 1;
				DYLIB_CURRENT_VERSION = 1;
				DYLIB_INSTALL_NAME_BASE = "@rpath";
				ENABLE_MODULE_VERIFIER = YES;
				GENERATE_INFOPLIST_FILE = YES;
				INFOPLIST_KEY_NSHumanReadableCopyright = "";
				INSTALL_PATH = "$(LOCAL_LIBRARY_DIR)/Frameworks";
				LD_RUNPATH_SEARCH_PATHS = (
					"$(inherited)",
					"@executable_path/Frameworks",
					"@loader_path/Frameworks",
				);
				MARKETING_VERSION = 1.0;
				MODULE_VERIFIER_SUPPORTED_LANGUAGES = "objective-c objective-c++";
				MODULE_VERIFIER_SUPPORTED_LANGUAGE_STANDARDS = "gnu17 gnu++20";
				PRODUCT_BUNDLE_IDENTIFIER = Jon.TradeTrackMocks;
				PRODUCT_NAME = "$(TARGET_NAME:c99extidentifier)";
				SKIP_INSTALL = YES;
				SWIFT_EMIT_LOC_STRINGS = YES;
				SWIFT_INSTALL_MODULE = YES;
				SWIFT_INSTALL_OBJC_HEADER = NO;
				SWIFT_VERSION = 5.0;
				TARGETED_DEVICE_FAMILY = "1,2";
				VERSIONING_SYSTEM = "apple-generic";
				VERSION_INFO_PREFIX = "";
			};
			name = Debug;
		};
		C403F2092EFEDD5300F3A427 /* Release */ = {
			isa = XCBuildConfiguration;
			buildSettings = {
				BUILD_LIBRARY_FOR_DISTRIBUTION = YES;
				CODE_SIGN_STYLE = Automatic;
				CURRENT_PROJECT_VERSION = 1;
				DEVELOPMENT_TEAM = 928QQJPBJS;
				DYLIB_COMPATIBILITY_VERSION = 1;
				DYLIB_CURRENT_VERSION = 1;
				DYLIB_INSTALL_NAME_BASE = "@rpath";
				ENABLE_MODULE_VERIFIER = YES;
				GENERATE_INFOPLIST_FILE = YES;
				INFOPLIST_KEY_NSHumanReadableCopyright = "";
				INSTALL_PATH = "$(LOCAL_LIBRARY_DIR)/Frameworks";
				LD_RUNPATH_SEARCH_PATHS = (
					"$(inherited)",
					"@executable_path/Frameworks",
					"@loader_path/Frameworks",
				);
				MARKETING_VERSION = 1.0;
				MODULE_VERIFIER_SUPPORTED_LANGUAGES = "objective-c objective-c++";
				MODULE_VERIFIER_SUPPORTED_LANGUAGE_STANDARDS = "gnu17 gnu++20";
				PRODUCT_BUNDLE_IDENTIFIER = Jon.TradeTrackMocks;
				PRODUCT_NAME = "$(TARGET_NAME:c99extidentifier)";
				SKIP_INSTALL = YES;
				SWIFT_EMIT_LOC_STRINGS = YES;
				SWIFT_INSTALL_MODULE = YES;
				SWIFT_INSTALL_OBJC_HEADER = NO;
				SWIFT_VERSION = 5.0;
				TARGETED_DEVICE_FAMILY = "1,2";
				VERSIONING_SYSTEM = "apple-generic";
				VERSION_INFO_PREFIX = "";
			};
			name = Release;
		};
		C403F20B2EFEDD5300F3A427 /* Debug */ = {
			isa = XCBuildConfiguration;
			buildSettings = {
				CODE_SIGN_STYLE = Automatic;
				CURRENT_PROJECT_VERSION = 1;
				DEVELOPMENT_TEAM = 928QQJPBJS;
				GENERATE_INFOPLIST_FILE = YES;
				MARKETING_VERSION = 1.0;
				PRODUCT_BUNDLE_IDENTIFIER = Jon.TradeTrackMocksTests;
				PRODUCT_NAME = "$(TARGET_NAME)";
				SWIFT_EMIT_LOC_STRINGS = NO;
				SWIFT_VERSION = 5.0;
				TARGETED_DEVICE_FAMILY = "1,2";
				TEST_HOST = "$(BUILT_PRODUCTS_DIR)/TradeTrack.app/$(BUNDLE_EXECUTABLE_FOLDER_PATH)/TradeTrack";
			};
			name = Debug;
		};
		C403F20C2EFEDD5300F3A427 /* Release */ = {
			isa = XCBuildConfiguration;
			buildSettings = {
				CODE_SIGN_STYLE = Automatic;
				CURRENT_PROJECT_VERSION = 1;
				DEVELOPMENT_TEAM = 928QQJPBJS;
				GENERATE_INFOPLIST_FILE = YES;
				MARKETING_VERSION = 1.0;
				PRODUCT_BUNDLE_IDENTIFIER = Jon.TradeTrackMocksTests;
				PRODUCT_NAME = "$(TARGET_NAME)";
				SWIFT_EMIT_LOC_STRINGS = NO;
				SWIFT_VERSION = 5.0;
				TARGETED_DEVICE_FAMILY = "1,2";
				TEST_HOST = "$(BUILT_PRODUCTS_DIR)/TradeTrack.app/$(BUNDLE_EXECUTABLE_FOLDER_PATH)/TradeTrack";
			};
			name = Release;
		};
/* End XCBuildConfiguration section */

/* Begin XCConfigurationList section */
		C4029F952E2D72BD00334A85 /* Build configuration list for PBXProject "TradeTrack" */ = {
			isa = XCConfigurationList;
			buildConfigurations = (
				C4029FB92E2D72BF00334A85 /* Debug */,
				C4029FBA2E2D72BF00334A85 /* Release */,
			);
			defaultConfigurationIsVisible = 0;
			defaultConfigurationName = Release;
		};
		C4029FBB2E2D72BF00334A85 /* Build configuration list for PBXNativeTarget "TradeTrack" */ = {
			isa = XCConfigurationList;
			buildConfigurations = (
				C4029FBC2E2D72BF00334A85 /* Debug */,
				C4029FBD2E2D72BF00334A85 /* Release */,
			);
			defaultConfigurationIsVisible = 0;
			defaultConfigurationName = Release;
		};
		C4029FBE2E2D72BF00334A85 /* Build configuration list for PBXNativeTarget "TradeTrackTests" */ = {
			isa = XCConfigurationList;
			buildConfigurations = (
				C4029FBF2E2D72BF00334A85 /* Debug */,
				C4029FC02E2D72BF00334A85 /* Release */,
			);
			defaultConfigurationIsVisible = 0;
			defaultConfigurationName = Release;
		};
		C4029FC12E2D72BF00334A85 /* Build configuration list for PBXNativeTarget "TradeTrackUITests" */ = {
			isa = XCConfigurationList;
			buildConfigurations = (
				C4029FC22E2D72BF00334A85 /* Debug */,
				C4029FC32E2D72BF00334A85 /* Release */,
			);
			defaultConfigurationIsVisible = 0;
			defaultConfigurationName = Release;
		};
		C403ECE92EF4A3D000F3A427 /* Build configuration list for PBXNativeTarget "TradeTrackCore" */ = {
			isa = XCConfigurationList;
			buildConfigurations = (
				C403ECEA2EF4A3D000F3A427 /* Debug */,
				C403ECEB2EF4A3D000F3A427 /* Release */,
			);
			defaultConfigurationIsVisible = 0;
			defaultConfigurationName = Release;
		};
		C403ECED2EF4A3D000F3A427 /* Build configuration list for PBXNativeTarget "TradeTrackCoreTests" */ = {
			isa = XCConfigurationList;
			buildConfigurations = (
				C403ECEE2EF4A3D000F3A427 /* Debug */,
				C403ECEF2EF4A3D000F3A427 /* Release */,
			);
			defaultConfigurationIsVisible = 0;
			defaultConfigurationName = Release;
		};
		C403F2072EFEDD5300F3A427 /* Build configuration list for PBXNativeTarget "TradeTrackMocks" */ = {
			isa = XCConfigurationList;
			buildConfigurations = (
				C403F2082EFEDD5300F3A427 /* Debug */,
				C403F2092EFEDD5300F3A427 /* Release */,
			);
			defaultConfigurationIsVisible = 0;
			defaultConfigurationName = Release;
		};
		C403F20A2EFEDD5300F3A427 /* Build configuration list for PBXNativeTarget "TradeTrackMocksTests" */ = {
			isa = XCConfigurationList;
			buildConfigurations = (
				C403F20B2EFEDD5300F3A427 /* Debug */,
				C403F20C2EFEDD5300F3A427 /* Release */,
			);
			defaultConfigurationIsVisible = 0;
			defaultConfigurationName = Release;
		};
/* End XCConfigurationList section */
	};
	rootObject = C4029F922E2D72BD00334A85 /* Project object */;
}
